
Microsoft Visual Studio Solution File, Format Version 12.00
# Visual Studio Version 16
VisualStudioVersion = 16.0.29709.97
MinimumVisualStudioVersion = 10.0.40219.1
Project("{FAE04EC0-301F-11D3-BF4B-00C04F79EFBC}") = "SmartDocumentor.GenericPlugin.Demo", "SmartDocumentor.GenericPlugin.Demo.csproj", "{C3A3310B-35FC-4B5E-8FDF-6C684D15A78A}"
EndProject
Global
	GlobalSection(SolutionConfigurationPlatforms) = preSolution
		Debug|Any CPU = Debug|Any CPU
		Release|Any CPU = Release|Any CPU
	EndGlobalSection
	GlobalSection(ProjectConfigurationPlatforms) = postSolution
		{C3A3310B-35FC-4B5E-8FDF-6C684D15A78A}.Debug|Any CPU.ActiveCfg = Debug|Any CPU
		{C3A3310B-35FC-4B5E-8FDF-6C684D15A78A}.Debug|Any CPU.Build.0 = Debug|Any CPU
		{C3A3310B-35FC-4B5E-8FDF-6C684D15A78A}.Release|Any CPU.ActiveCfg = Release|Any CPU
		{C3A3310B-35FC-4B5E-8FDF-6C684D15A78A}.Release|Any CPU.Build.0 = Release|Any CPU
	EndGlobalSection
	GlobalSection(SolutionProperties) = preSolution
		HideSolutionNode = FALSE
	EndGlobalSection
	GlobalSection(ExtensibilityGlobals) = postSolution
		SolutionGuid = {5D2C62FE-21B7-4922-8583-6E8E3DEC568D}
	EndGlobalSection
EndGlobal
